// !$*UTF8*$!
{
	archiveVersion = 1;
	classes = {
	};
	objectVersion = 56;
	objects = {

/* Begin PBXBuildFile section */
		706B769B296FDFFE0014FBA5 /* ScrumdingerApp.swift in Sources */ = {isa = PBXBuildFile; fileRef = 706B769A296FDFFE0014FBA5 /* ScrumdingerApp.swift */; };
		706B769D296FDFFE0014FBA5 /* MeetingView.swift in Sources */ = {isa = PBXBuildFile; fileRef = 706B769C296FDFFE0014FBA5 /* MeetingView.swift */; };
		706B769F296FDFFF0014FBA5 /* Assets.xcassets in Resources */ = {isa = PBXBuildFile; fileRef = 706B769E296FDFFF0014FBA5 /* Assets.xcassets */; };
		706B76A2296FDFFF0014FBA5 /* Preview Assets.xcassets in Resources */ = {isa = PBXBuildFile; fileRef = 706B76A1296FDFFF0014FBA5 /* Preview Assets.xcassets */; };
		706B76AA2970F2310014FBA5 /* Theme.swift in Sources */ = {isa = PBXBuildFile; fileRef = 706B76A92970F2310014FBA5 /* Theme.swift */; };
		706B76AC2970F3690014FBA5 /* DailyScrum.swift in Sources */ = {isa = PBXBuildFile; fileRef = 706B76AB2970F3690014FBA5 /* DailyScrum.swift */; };
		706B76AE2970F48B0014FBA5 /* CardView.swift in Sources */ = {isa = PBXBuildFile; fileRef = 706B76AD2970F48B0014FBA5 /* CardView.swift */; };
		706B76B02970FCC10014FBA5 /* TrailingIconLabelStyle.swift in Sources */ = {isa = PBXBuildFile; fileRef = 706B76AF2970FCC10014FBA5 /* TrailingIconLabelStyle.swift */; };
		706B76B22970FFA40014FBA5 /* ScrumsView.swift in Sources */ = {isa = PBXBuildFile; fileRef = 706B76B12970FFA40014FBA5 /* ScrumsView.swift */; };
		706B76B429711A2A0014FBA5 /* DetailView.swift in Sources */ = {isa = PBXBuildFile; fileRef = 706B76B329711A2A0014FBA5 /* DetailView.swift */; };
		70DD785D29768258004E8A54 /* ScrumTimer.swift in Sources */ = {isa = PBXBuildFile; fileRef = 70DD785C29768258004E8A54 /* ScrumTimer.swift */; };
		70DD785F29768C43004E8A54 /* MeetingFooterView.swift in Sources */ = {isa = PBXBuildFile; fileRef = 70DD785E29768C43004E8A54 /* MeetingFooterView.swift */; };
		70DD78622976902A004E8A54 /* ding.wav in Resources */ = {isa = PBXBuildFile; fileRef = 70DD78612976902A004E8A54 /* ding.wav */; };
		70DD7864297690B7004E8A54 /* AVPlayer+Ding.swift in Sources */ = {isa = PBXBuildFile; fileRef = 70DD7863297690B7004E8A54 /* AVPlayer+Ding.swift */; };
		70EB0E9D2974E90C00336372 /* DetailEditView.swift in Sources */ = {isa = PBXBuildFile; fileRef = 70EB0E9C2974E90C00336372 /* DetailEditView.swift */; };
		70EB0E9F2975175E00336372 /* ThemeView.swift in Sources */ = {isa = PBXBuildFile; fileRef = 70EB0E9E2975175E00336372 /* ThemeView.swift */; };
		70EB0EA12975183800336372 /* ThemePicker.swift in Sources */ = {isa = PBXBuildFile; fileRef = 70EB0EA02975183800336372 /* ThemePicker.swift */; };
		70EB0EA32975354500336372 /* MeetingHeaderView.swift in Sources */ = {isa = PBXBuildFile; fileRef = 70EB0EA22975354500336372 /* MeetingHeaderView.swift */; };
		70EB0EA52975387E00336372 /* ScrumProgressViewStyle.swift in Sources */ = {isa = PBXBuildFile; fileRef = 70EB0EA42975387E00336372 /* ScrumProgressViewStyle.swift */; };
/* End PBXBuildFile section */

/* Begin PBXFileReference section */
		706B7697296FDFFE0014FBA5 /* Scrumdinger.app */ = {isa = PBXFileReference; explicitFileType = wrapper.application; includeInIndex = 0; path = Scrumdinger.app; sourceTree = BUILT_PRODUCTS_DIR; };
		706B769A296FDFFE0014FBA5 /* ScrumdingerApp.swift */ = {isa = PBXFileReference; lastKnownFileType = sourcecode.swift; path = ScrumdingerApp.swift; sourceTree = "<group>"; };
		706B769C296FDFFE0014FBA5 /* MeetingView.swift */ = {isa = PBXFileReference; lastKnownFileType = sourcecode.swift; path = MeetingView.swift; sourceTree = "<group>"; };
		706B769E296FDFFF0014FBA5 /* Assets.xcassets */ = {isa = PBXFileReference; lastKnownFileType = folder.assetcatalog; path = Assets.xcassets; sourceTree = "<group>"; };
		706B76A1296FDFFF0014FBA5 /* Preview Assets.xcassets */ = {isa = PBXFileReference; lastKnownFileType = folder.assetcatalog; path = "Preview Assets.xcassets"; sourceTree = "<group>"; };
		706B76A92970F2310014FBA5 /* Theme.swift */ = {isa = PBXFileReference; lastKnownFileType = sourcecode.swift; path = Theme.swift; sourceTree = "<group>"; };
		706B76AB2970F3690014FBA5 /* DailyScrum.swift */ = {isa = PBXFileReference; lastKnownFileType = sourcecode.swift; path = DailyScrum.swift; sourceTree = "<group>"; };
		706B76AD2970F48B0014FBA5 /* CardView.swift */ = {isa = PBXFileReference; lastKnownFileType = sourcecode.swift; path = CardView.swift; sourceTree = "<group>"; };
		706B76AF2970FCC10014FBA5 /* TrailingIconLabelStyle.swift */ = {isa = PBXFileReference; lastKnownFileType = sourcecode.swift; path = TrailingIconLabelStyle.swift; sourceTree = "<group>"; };
		706B76B12970FFA40014FBA5 /* ScrumsView.swift */ = {isa = PBXFileReference; lastKnownFileType = sourcecode.swift; path = ScrumsView.swift; sourceTree = "<group>"; };
		706B76B329711A2A0014FBA5 /* DetailView.swift */ = {isa = PBXFileReference; lastKnownFileType = sourcecode.swift; path = DetailView.swift; sourceTree = "<group>"; };
		70DD785C29768258004E8A54 /* ScrumTimer.swift */ = {isa = PBXFileReference; lastKnownFileType = sourcecode.swift; path = ScrumTimer.swift; sourceTree = "<group>"; };
		70DD785E29768C43004E8A54 /* MeetingFooterView.swift */ = {isa = PBXFileReference; lastKnownFileType = sourcecode.swift; path = MeetingFooterView.swift; sourceTree = "<group>"; };
		70DD78612976902A004E8A54 /* ding.wav */ = {isa = PBXFileReference; lastKnownFileType = audio.wav; path = ding.wav; sourceTree = "<group>"; };
		70DD7863297690B7004E8A54 /* AVPlayer+Ding.swift */ = {isa = PBXFileReference; fileEncoding = 4; lastKnownFileType = sourcecode.swift; path = "AVPlayer+Ding.swift"; sourceTree = "<group>"; };
		70EB0E9C2974E90C00336372 /* DetailEditView.swift */ = {isa = PBXFileReference; lastKnownFileType = sourcecode.swift; path = DetailEditView.swift; sourceTree = "<group>"; };
		70EB0E9E2975175E00336372 /* ThemeView.swift */ = {isa = PBXFileReference; lastKnownFileType = sourcecode.swift; path = ThemeView.swift; sourceTree = "<group>"; };
		70EB0EA02975183800336372 /* ThemePicker.swift */ = {isa = PBXFileReference; lastKnownFileType = sourcecode.swift; path = ThemePicker.swift; sourceTree = "<group>"; };
		70EB0EA22975354500336372 /* MeetingHeaderView.swift */ = {isa = PBXFileReference; lastKnownFileType = sourcecode.swift; path = MeetingHeaderView.swift; sourceTree = "<group>"; };
		70EB0EA42975387E00336372 /* ScrumProgressViewStyle.swift */ = {isa = PBXFileReference; fileEncoding = 4; lastKnownFileType = sourcecode.swift; path = ScrumProgressViewStyle.swift; sourceTree = "<group>"; };
/* End PBXFileReference section */

/* Begin PBXFrameworksBuildPhase section */
		706B7694296FDFFE0014FBA5 /* Frameworks */ = {
			isa = PBXFrameworksBuildPhase;
			buildActionMask = 2147483647;
			files = (
			);
			runOnlyForDeploymentPostprocessing = 0;
		};
/* End PBXFrameworksBuildPhase section */

/* Begin PBXGroup section */
		706B768E296FDFFE0014FBA5 = {
			isa = PBXGroup;
			children = (
				706B7699296FDFFE0014FBA5 /* Scrumdinger */,
				706B7698296FDFFE0014FBA5 /* Products */,
			);
			sourceTree = "<group>";
		};
		706B7698296FDFFE0014FBA5 /* Products */ = {
			isa = PBXGroup;
			children = (
				706B7697296FDFFE0014FBA5 /* Scrumdinger.app */,
			);
			name = Products;
			sourceTree = "<group>";
		};
		706B7699296FDFFE0014FBA5 /* Scrumdinger */ = {
			isa = PBXGroup;
			children = (
				706B76A82970F2110014FBA5 /* Models */,
				706B76AD2970F48B0014FBA5 /* CardView.swift */,
				70EB0E9C2974E90C00336372 /* DetailEditView.swift */,
				706B76B329711A2A0014FBA5 /* DetailView.swift */,
				70DD785E29768C43004E8A54 /* MeetingFooterView.swift */,
				70EB0EA22975354500336372 /* MeetingHeaderView.swift */,
				706B769C296FDFFE0014FBA5 /* MeetingView.swift */,
				706B769A296FDFFE0014FBA5 /* ScrumdingerApp.swift */,
				706B76B12970FFA40014FBA5 /* ScrumsView.swift */,
				70EB0EA42975387E00336372 /* ScrumProgressViewStyle.swift */,
				70EB0E9E2975175E00336372 /* ThemeView.swift */,
				70EB0EA02975183800336372 /* ThemePicker.swift */,
				706B76AF2970FCC10014FBA5 /* TrailingIconLabelStyle.swift */,
				70DD78602976902A004E8A54 /* Resources */,
				706B769E296FDFFF0014FBA5 /* Assets.xcassets */,
				706B76A0296FDFFF0014FBA5 /* Preview Content */,
			);
			path = Scrumdinger;
			sourceTree = "<group>";
		};
		706B76A0296FDFFF0014FBA5 /* Preview Content */ = {
			isa = PBXGroup;
			children = (
				706B76A1296FDFFF0014FBA5 /* Preview Assets.xcassets */,
			);
			path = "Preview Content";
			sourceTree = "<group>";
		};
		706B76A82970F2110014FBA5 /* Models */ = {
			isa = PBXGroup;
			children = (
				70DD7863297690B7004E8A54 /* AVPlayer+Ding.swift */,
				706B76A92970F2310014FBA5 /* Theme.swift */,
				70DD785C29768258004E8A54 /* ScrumTimer.swift */,
				706B76AB2970F3690014FBA5 /* DailyScrum.swift */,
			);
			path = Models;
			sourceTree = "<group>";
		};
		70DD78602976902A004E8A54 /* Resources */ = {
			isa = PBXGroup;
			children = (
				70DD78612976902A004E8A54 /* ding.wav */,
			);
			path = Resources;
			sourceTree = "<group>";
		};
/* End PBXGroup section */

/* Begin PBXNativeTarget section */
		706B7696296FDFFE0014FBA5 /* Scrumdinger */ = {
			isa = PBXNativeTarget;
			buildConfigurationList = 706B76A5296FDFFF0014FBA5 /* Build configuration list for PBXNativeTarget "Scrumdinger" */;
			buildPhases = (
				706B7693296FDFFE0014FBA5 /* Sources */,
				706B7694296FDFFE0014FBA5 /* Frameworks */,
				706B7695296FDFFE0014FBA5 /* Resources */,
			);
			buildRules = (
			);
			dependencies = (
			);
			name = Scrumdinger;
			productName = Scrumdinger;
			productReference = 706B7697296FDFFE0014FBA5 /* Scrumdinger.app */;
			productType = "com.apple.product-type.application";
		};
/* End PBXNativeTarget section */

/* Begin PBXProject section */
		706B768F296FDFFE0014FBA5 /* Project object */ = {
			isa = PBXProject;
			attributes = {
				BuildIndependentTargetsInParallel = 1;
				LastSwiftUpdateCheck = 1420;
				LastUpgradeCheck = 1420;
				TargetAttributes = {
					706B7696296FDFFE0014FBA5 = {
						CreatedOnToolsVersion = 14.2;
					};
				};
			};
			buildConfigurationList = 706B7692296FDFFE0014FBA5 /* Build configuration list for PBXProject "Scrumdinger" */;
			compatibilityVersion = "Xcode 14.0";
			developmentRegion = en;
			hasScannedForEncodings = 0;
			knownRegions = (
				en,
				Base,
			);
			mainGroup = 706B768E296FDFFE0014FBA5;
			productRefGroup = 706B7698296FDFFE0014FBA5 /* Products */;
			projectDirPath = "";
			projectRoot = "";
			targets = (
				706B7696296FDFFE0014FBA5 /* Scrumdinger */,
			);
		};
/* End PBXProject section */

/* Begin PBXResourcesBuildPhase section */
		706B7695296FDFFE0014FBA5 /* Resources */ = {
			isa = PBXResourcesBuildPhase;
			buildActionMask = 2147483647;
			files = (
				70DD78622976902A004E8A54 /* ding.wav in Resources */,
				706B76A2296FDFFF0014FBA5 /* Preview Assets.xcassets in Resources */,
				706B769F296FDFFF0014FBA5 /* Assets.xcassets in Resources */,
			);
			runOnlyForDeploymentPostprocessing = 0;
		};
/* End PBXResourcesBuildPhase section */

/* Begin PBXSourcesBuildPhase section */
		706B7693296FDFFE0014FBA5 /* Sources */ = {
			isa = PBXSourcesBuildPhase;
			buildActionMask = 2147483647;
			files = (
				70EB0EA12975183800336372 /* ThemePicker.swift in Sources */,
				70EB0EA52975387E00336372 /* ScrumProgressViewStyle.swift in Sources */,
				70DD785F29768C43004E8A54 /* MeetingFooterView.swift in Sources */,
				70DD785D29768258004E8A54 /* ScrumTimer.swift in Sources */,
				706B76AC2970F3690014FBA5 /* DailyScrum.swift in Sources */,
				706B76B429711A2A0014FBA5 /* DetailView.swift in Sources */,
				70EB0EA32975354500336372 /* MeetingHeaderView.swift in Sources */,
				70EB0E9D2974E90C00336372 /* DetailEditView.swift in Sources */,
				706B76B02970FCC10014FBA5 /* TrailingIconLabelStyle.swift in Sources */,
				706B76AA2970F2310014FBA5 /* Theme.swift in Sources */,
				706B76B22970FFA40014FBA5 /* ScrumsView.swift in Sources */,
				706B769D296FDFFE0014FBA5 /* MeetingView.swift in Sources */,
				706B769B296FDFFE0014FBA5 /* ScrumdingerApp.swift in Sources */,
				70EB0E9F2975175E00336372 /* ThemeView.swift in Sources */,
				706B76AE2970F48B0014FBA5 /* CardView.swift in Sources */,
				70DD7864297690B7004E8A54 /* AVPlayer+Ding.swift in Sources */,
			);
			runOnlyForDeploymentPostprocessing = 0;
		};
/* End PBXSourcesBuildPhase section */

/* Begin XCBuildConfiguration section */
		706B76A3296FDFFF0014FBA5 /* Debug */ = {
			isa = XCBuildConfiguration;
			buildSettings = {
				ALWAYS_SEARCH_USER_PATHS = NO;
				CLANG_ANALYZER_NONNULL = YES;
				CLANG_ANALYZER_NUMBER_OBJECT_CONVERSION = YES_AGGRESSIVE;
				CLANG_CXX_LANGUAGE_STANDARD = "gnu++20";
				CLANG_ENABLE_MODULES = YES;
				CLANG_ENABLE_OBJC_ARC = YES;
				CLANG_ENABLE_OBJC_WEAK = YES;
				CLANG_WARN_BLOCK_CAPTURE_AUTORELEASING = YES;
				CLANG_WARN_BOOL_CONVERSION = YES;
				CLANG_WARN_COMMA = YES;
				CLANG_WARN_CONSTANT_CONVERSION = YES;
				CLANG_WARN_DEPRECATED_OBJC_IMPLEMENTATIONS = YES;
				CLANG_WARN_DIRECT_OBJC_ISA_USAGE = YES_ERROR;
				CLANG_WARN_DOCUMENTATION_COMMENTS = YES;
				CLANG_WARN_EMPTY_BODY = YES;
				CLANG_WARN_ENUM_CONVERSION = YES;
				CLANG_WARN_INFINITE_RECURSION = YES;
				CLANG_WARN_INT_CONVERSION = YES;
				CLANG_WARN_NON_LITERAL_NULL_CONVERSION = YES;
				CLANG_WARN_OBJC_IMPLICIT_RETAIN_SELF = YES;
				CLANG_WARN_OBJC_LITERAL_CONVERSION = YES;
				CLANG_WARN_OBJC_ROOT_CLASS = YES_ERROR;
				CLANG_WARN_QUOTED_INCLUDE_IN_FRAMEWORK_HEADER = YES;
				CLANG_WARN_RANGE_LOOP_ANALYSIS = YES;
				CLANG_WARN_STRICT_PROTOTYPES = YES;
				CLANG_WARN_SUSPICIOUS_MOVE = YES;
				CLANG_WARN_UNGUARDED_AVAILABILITY = YES_AGGRESSIVE;
				CLANG_WARN_UNREACHABLE_CODE = YES;
				CLANG_WARN__DUPLICATE_METHOD_MATCH = YES;
				COPY_PHASE_STRIP = NO;
				DEBUG_INFORMATION_FORMAT = dwarf;
				ENABLE_STRICT_OBJC_MSGSEND = YES;
				ENABLE_TESTABILITY = YES;
				GCC_C_LANGUAGE_STANDARD = gnu11;
				GCC_DYNAMIC_NO_PIC = NO;
				GCC_NO_COMMON_BLOCKS = YES;
				GCC_OPTIMIZATION_LEVEL = 0;
				GCC_PREPROCESSOR_DEFINITIONS = (
					"DEBUG=1",
					"$(inherited)",
				);
				GCC_WARN_64_TO_32_BIT_CONVERSION = YES;
				GCC_WARN_ABOUT_RETURN_TYPE = YES_ERROR;
				GCC_WARN_UNDECLARED_SELECTOR = YES;
				GCC_WARN_UNINITIALIZED_AUTOS = YES_AGGRESSIVE;
				GCC_WARN_UNUSED_FUNCTION = YES;
				GCC_WARN_UNUSED_VARIABLE = YES;
				IPHONEOS_DEPLOYMENT_TARGET = 16.2;
				MTL_ENABLE_DEBUG_INFO = INCLUDE_SOURCE;
				MTL_FAST_MATH = YES;
				ONLY_ACTIVE_ARCH = YES;
				SDKROOT = iphoneos;
				SWIFT_ACTIVE_COMPILATION_CONDITIONS = DEBUG;
				SWIFT_OPTIMIZATION_LEVEL = "-Onone";
			};
			name = Debug;
		};
		706B76A4296FDFFF0014FBA5 /* Release */ = {
			isa = XCBuildConfiguration;
			buildSettings = {
				ALWAYS_SEARCH_USER_PATHS = NO;
				CLANG_ANALYZER_NONNULL = YES;
				CLANG_ANALYZER_NUMBER_OBJECT_CONVERSION = YES_AGGRESSIVE;
				CLANG_CXX_LANGUAGE_STANDARD = "gnu++20";
				CLANG_ENABLE_MODULES = YES;
				CLANG_ENABLE_OBJC_ARC = YES;
				CLANG_ENABLE_OBJC_WEAK = YES;
				CLANG_WARN_BLOCK_CAPTURE_AUTORELEASING = YES;
				CLANG_WARN_BOOL_CONVERSION = YES;
				CLANG_WARN_COMMA = YES;
				CLANG_WARN_CONSTANT_CONVERSION = YES;
				CLANG_WARN_DEPRECATED_OBJC_IMPLEMENTATIONS = YES;
				CLANG_WARN_DIRECT_OBJC_ISA_USAGE = YES_ERROR;
				CLANG_WARN_DOCUMENTATION_COMMENTS = YES;
				CLANG_WARN_EMPTY_BODY = YES;
				CLANG_WARN_ENUM_CONVERSION = YES;
				CLANG_WARN_INFINITE_RECURSION = YES;
				CLANG_WARN_INT_CONVERSION = YES;
				CLANG_WARN_NON_LITERAL_NULL_CONVERSION = YES;
				CLANG_WARN_OBJC_IMPLICIT_RETAIN_SELF = YES;
				CLANG_WARN_OBJC_LITERAL_CONVERSION = YES;
				CLANG_WARN_OBJC_ROOT_CLASS = YES_ERROR;
				CLANG_WARN_QUOTED_INCLUDE_IN_FRAMEWORK_HEADER = YES;
				CLANG_WARN_RANGE_LOOP_ANALYSIS = YES;
				CLANG_WARN_STRICT_PROTOTYPES = YES;
				CLANG_WARN_SUSPICIOUS_MOVE = YES;
				CLANG_WARN_UNGUARDED_AVAILABILITY = YES_AGGRESSIVE;
				CLANG_WARN_UNREACHABLE_CODE = YES;
				CLANG_WARN__DUPLICATE_METHOD_MATCH = YES;
				COPY_PHASE_STRIP = NO;
				DEBUG_INFORMATION_FORMAT = "dwarf-with-dsym";
				ENABLE_NS_ASSERTIONS = NO;
				ENABLE_STRICT_OBJC_MSGSEND = YES;
				GCC_C_LANGUAGE_STANDARD = gnu11;
				GCC_NO_COMMON_BLOCKS = YES;
				GCC_WARN_64_TO_32_BIT_CONVERSION = YES;
				GCC_WARN_ABOUT_RETURN_TYPE = YES_ERROR;
				GCC_WARN_UNDECLARED_SELECTOR = YES;
				GCC_WARN_UNINITIALIZED_AUTOS = YES_AGGRESSIVE;
				GCC_WARN_UNUSED_FUNCTION = YES;
				GCC_WARN_UNUSED_VARIABLE = YES;
				IPHONEOS_DEPLOYMENT_TARGET = 16.2;
				MTL_ENABLE_DEBUG_INFO = NO;
				MTL_FAST_MATH = YES;
				SDKROOT = iphoneos;
				SWIFT_COMPILATION_MODE = wholemodule;
				SWIFT_OPTIMIZATION_LEVEL = "-O";
				VALIDATE_PRODUCT = YES;
			};
			name = Release;
		};
		706B76A6296FDFFF0014FBA5 /* Debug */ = {
			isa = XCBuildConfiguration;
			buildSettings = {
				ASSETCATALOG_COMPILER_APPICON_NAME = AppIcon;
				ASSETCATALOG_COMPILER_GLOBAL_ACCENT_COLOR_NAME = AccentColor;
				CODE_SIGN_STYLE = Automatic;
				CURRENT_PROJECT_VERSION = 1;
				DEVELOPMENT_ASSET_PATHS = "\"Scrumdinger/Preview Content\"";
				DEVELOPMENT_TEAM = 5V857Y2R9A;
				ENABLE_PREVIEWS = YES;
				GENERATE_INFOPLIST_FILE = YES;
				INFOPLIST_KEY_UIApplicationSceneManifest_Generation = YES;
				INFOPLIST_KEY_UIApplicationSupportsIndirectInputEvents = YES;
				INFOPLIST_KEY_UILaunchScreen_Generation = YES;
				INFOPLIST_KEY_UISupportedInterfaceOrientations_iPad = "UIInterfaceOrientationPortrait UIInterfaceOrientationPortraitUpsideDown UIInterfaceOrientationLandscapeLeft UIInterfaceOrientationLandscapeRight";
				INFOPLIST_KEY_UISupportedInterfaceOrientations_iPhone = "UIInterfaceOrientationPortrait UIInterfaceOrientationLandscapeLeft UIInterfaceOrientationLandscapeRight";
				LD_RUNPATH_SEARCH_PATHS = (
					"$(inherited)",
					"@executable_path/Frameworks",
				);
				MARKETING_VERSION = 1.0;
				PRODUCT_BUNDLE_IDENTIFIER = com.corngreentea.Scrumdinger;
				PRODUCT_NAME = "$(TARGET_NAME)";
				SWIFT_EMIT_LOC_STRINGS = YES;
				SWIFT_VERSION = 5.0;
				TARGETED_DEVICE_FAMILY = "1,2";
			};
			name = Debug;
		};
		706B76A7296FDFFF0014FBA5 /* Release */ = {
			isa = XCBuildConfiguration;
			buildSettings = {
				ASSETCATALOG_COMPILER_APPICON_NAME = AppIcon;
				ASSETCATALOG_COMPILER_GLOBAL_ACCENT_COLOR_NAME = AccentColor;
				CODE_SIGN_STYLE = Automatic;
				CURRENT_PROJECT_VERSION = 1;
				DEVELOPMENT_ASSET_PATHS = "\"Scrumdinger/Preview Content\"";
				DEVELOPMENT_TEAM = 5V857Y2R9A;
				ENABLE_PREVIEWS = YES;
				GENERATE_INFOPLIST_FILE = YES;
				INFOPLIST_KEY_UIApplicationSceneManifest_Generation = YES;
				INFOPLIST_KEY_UIApplicationSupportsIndirectInputEvents = YES;
				INFOPLIST_KEY_UILaunchScreen_Generation = YES;
				INFOPLIST_KEY_UISupportedInterfaceOrientations_iPad = "UIInterfaceOrientationPortrait UIInterfaceOrientationPortraitUpsideDown UIInterfaceOrientationLandscapeLeft UIInterfaceOrientationLandscapeRight";
				INFOPLIST_KEY_UISupportedInterfaceOrientations_iPhone = "UIInterfaceOrientationPortrait UIInterfaceOrientationLandscapeLeft UIInterfaceOrientationLandscapeRight";
				LD_RUNPATH_SEARCH_PATHS = (
					"$(inherited)",
					"@executable_path/Frameworks",
				);
				MARKETING_VERSION = 1.0;
				PRODUCT_BUNDLE_IDENTIFIER = com.corngreentea.Scrumdinger;
				PRODUCT_NAME = "$(TARGET_NAME)";
				SWIFT_EMIT_LOC_STRINGS = YES;
				SWIFT_VERSION = 5.0;
				TARGETED_DEVICE_FAMILY = "1,2";
			};
			name = Release;
		};
/* End XCBuildConfiguration section */

/* Begin XCConfigurationList section */
		706B7692296FDFFE0014FBA5 /* Build configuration list for PBXProject "Scrumdinger" */ = {
			isa = XCConfigurationList;
			buildConfigurations = (
				706B76A3296FDFFF0014FBA5 /* Debug */,
				706B76A4296FDFFF0014FBA5 /* Release */,
			);
			defaultConfigurationIsVisible = 0;
			defaultConfigurationName = Release;
		};
		706B76A5296FDFFF0014FBA5 /* Build configuration list for PBXNativeTarget "Scrumdinger" */ = {
			isa = XCConfigurationList;
			buildConfigurations = (
				706B76A6296FDFFF0014FBA5 /* Debug */,
				706B76A7296FDFFF0014FBA5 /* Release */,
			);
			defaultConfigurationIsVisible = 0;
			defaultConfigurationName = Release;
		};
/* End XCConfigurationList section */
	};
	rootObject = 706B768F296FDFFE0014FBA5 /* Project object */;
}
